lockfileVersion: '9.0'

settings:
  autoInstallPeers: true
  excludeLinksFromLockfile: false

importers:

  .:
    dependencies:
      fta-cli:
        specifier: 3.0.0
        version: 3.0.0
      jscpd:
        specifier: 5.0.16
        version: 5.0.16
      zod:
        specifier: 4.4.3
        version: 4.4.3
    devDependencies:
      '@types/node':
        specifier: 26.2.0
        version: 26.2.0
      oxfmt:
        specifier: 0.46.0
        version: 0.46.0
      oxlint:
        specifier: 1.61.0
        version: 1.61.0(oxlint-tsgolint@0.21.1)
      oxlint-tsgolint:
        specifier: 0.21.1
        version: 0.21.1
      typescript:
        specifier: 7.0.2
        version: 7.0.2

packages:

  '@oxfmt/binding-android-arm-eabi@0.46.0':
    resolution: {integrity: sha512-b1doV4WRcJU+BESSlCvCjV+5CEr/T6h0frArAdV26Nir+gGNFNaylvDiiMPfF1pxeV0txZEs38ojzJaxBYg+ng==}
    engines: {node: ^20.19.0 || >=22.12.0}
    cpu: [arm]
    os: [android]

  '@oxfmt/binding-android-arm64@0.46.0':
    resolution: {integrity: sha512-v6+HhjsoV3GO0u2u9jLSAZrvWfTraDxKofUIQ7/ktS7tzS+epVsxdHmeM+XxuNcAY/nWxxU1Sg4JcGTNRXraBA==}
    engines: {node: ^20.19.0 || >=22.12.0}
    cpu: [arm64]
    os: [android]

  '@oxfmt/binding-darwin-arm64@0.46.0':
    resolution: {integrity: sha512-3eeooJGrqGIlI5MyryDZsAcKXSmKIgAD4yYtfRrRJzXZ0UTFZtiSveIur56YPrGMYZwT4XyVhHsMqrNwr1XeFA==}
    engines: {node: ^20.19.0 || >=22.12.0}
    cpu: [arm64]
    os: [darwin]

  '@oxfmt/binding-darwin-x64@0.46.0':
    resolution: {integrity: sha512-QG8BDM0CXWbu84k2SKmCqfEddPQPFiBicwtYnLqHRWZZl57HbtOLRMac/KTq2NO4AEc4ICCBpFxJIV9zcqYfkQ==}
    engines: {node: ^20.19.0 || >=22.12.0}
    cpu: [x64]
    os: [darwin]

  '@oxfmt/binding-freebsd-x64@0.46.0':
    resolution: {integrity: sha512-9DdCqS/n2ncu/Chazvt3cpgAjAmIGQDz7hFKSrNItMApyV/Ja9mz3hD4JakIE3nS8PW9smEbPWnb389QLBY4nw==}
    engines: {node: ^20.19.0 || >=22.12.0}
    cpu: [x64]
    os: [freebsd]

  '@oxfmt/binding-linux-arm-gnueabihf@0.46.0':
    resolution: {integrity: sha512-Dgs7VeE2jT0LHMhw6tPEt0xQYe54kBqHEovmWsv4FVQlegCOvlIJNx0S8n4vj8WUtpT+Z6BD2HhKJPLglLxvZg==}
    engines: {node: ^20.19.0 || >=22.12.0}
    cpu: [arm]
    os: [linux]

  '@oxfmt/binding-linux-arm-musleabihf@0.46.0':
    resolution: {integrity: sha512-Zxn3adhTH13JKnU4xXJj8FeEfF680XjXh3gSShKl57HCMBRde2tUJTgogV/1MSHA80PJEVrDa7r66TLVq3Ia7Q==}
    engines: {node: ^20.19.0 || >=22.12.0}
    cpu: [arm]
    os: [linux]

  '@oxfmt/binding-linux-arm64-gnu@0.46.0':
    resolution: {integrity: sha512-+TWipjrgVM8D7aIdDD0tlr3teLTTvQTn7QTE5BpT10H1Fj82gfdn9X6nn2sDgx/MepuSCfSnzFNJq2paLL0OiA==}
    engines: {node: ^20.19.0 || >=22.12.0}
    cpu: [arm64]
    os: [linux]

  '@oxfmt/binding-linux-arm64-musl@0.46.0':
    resolution: {integrity: sha512-aAUPBWJ1lGwwnxZUEDLJ94+Iy6MuwJwPxUgO4sCA5mEEyDk7b+cDQ+JpX1VR150Zoyd+D49gsrUzpUK5h587Eg==}
    engines: {node: ^20.19.0 || >=22.12.0}
    cpu: [arm64]
    os: [linux]

  '@oxfmt/binding-linux-ppc64-gnu@0.46.0':
    resolution: {integrity: sha512-ufBCJukyFX/UDrokP/r6BGDoTInnsDs7bxyzKAgMiZlt2Qu8GPJSJ6Zm6whIiJzKk0naxA8ilwmbO1LMw6Htxw==}
    engines: {node: ^20.19.0 || >=22.12.0}
    cpu: [ppc64]
    os: [linux]

  '@oxfmt/binding-linux-riscv64-gnu@0.46.0':
    resolution: {integrity: sha512-eqtlC2YmPqjun76R1gVfGLuKWx7NuEnLEAudZ7n6ipSKbCZTqIKSs1b5Y8K/JHZsRpLkeSmAAjig5HOIg8fQzQ==}
    engines: {node: ^20.19.0 || >=22.12.0}
    cpu: [riscv64]
    os: [linux]

  '@oxfmt/binding-linux-riscv64-musl@0.46.0':
    resolution: {integrity: sha512-yccVOO2nMXkQLGgy0He3EQEwKD7NF0zEk+/OWmroznkqXyJdN6bfK0LtNnr6/14Bh3FjpYq7bP33l/VloCnxpA==}
    engines: {node: ^20.19.0 || >=22.12.0}
    cpu: [riscv64]
    os: [linux]

  '@oxfmt/binding-linux-s390x-gnu@0.46.0':
    resolution: {integrity: sha512-aAf7fG23OQCey6VRPj9IeCraoYtpgtx0ZyJ1CXkPyT1wjzBE7c3xtuxHe/AdHaJfVVb/SXpSk8Gl1LzyQupSqw==}
    engines: {node: ^20.19.0 || >=22.12.0}
    cpu: [s390x]
    os: [linux]

  '@oxfmt/binding-linux-x64-gnu@0.46.0':
    resolution: {integrity: sha512-q0JPsTMyJNjYrBvYFDz4WbVsafNZaPCZv4RnFypRotLqpKROtBZcEaXQW4eb9YmvLU3NckVemLJnzkSZSdmOxw==}
    engines: {node: ^20.19.0 || >=22.12.0}
    cpu: [x64]
    os: [linux]

  '@oxfmt/binding-linux-x64-musl@0.46.0':
    resolution: {integrity: sha512-7LsLY9Cw57GPkhSR+duI3mt9baRczK/DtHYSldQ4BEU92da9igBQNl4z7Vq5U9NNPsh1FmpKvv1q9WDtiUQR1A==}
    engines: {node: ^20.19.0 || >=22.12.0}
    cpu: [x64]
    os: [linux]

  '@oxfmt/binding-openharmony-arm64@0.46.0':
    resolution: {integrity: sha512-lHiBOz8Duaku7JtRNLlps3j++eOaICPZSd8FCVmTDM4DFOPT71Bjn7g6iar1z7StXlKRweUKxWUs4sA+zWGDXg==}
    engines: {node: ^20.19.0 || >=22.12.0}
    cpu: [arm64]
    os: [openharmony]

  '@oxfmt/binding-win32-arm64-msvc@0.46.0':
    resolution: {integrity: sha512-/5ktYUliP89RhgC37DBH1x20U5zPSZMy3cMEcO0j3793rbHP9MWsknBwQB6eozRzWmYrh0IFM/p20EbPvDlYlg==}
    engines: {node: ^20.19.0 || >=22.12.0}
    cpu: [arm64]
    os: [win32]

  '@oxfmt/binding-win32-ia32-msvc@0.46.0':
    resolution: {integrity: sha512-3WTnoiuIr8XvV0DIY7SN+1uJSwKf4sPpcbHfobcRT9JutGcLaef/miyBB87jxd3aqH+mS0+G5lsgHuXLUwjjpQ==}
    engines: {node: ^20.19.0 || >=22.12.0}
    cpu: [ia32]
    os: [win32]

  '@oxfmt/binding-win32-x64-msvc@0.46.0':
    resolution: {integrity: sha512-IXxiQpkYnOwNfP23vzwSfhdpxJzyiPTY7eTn6dn3DsriKddESzM8i6kfq9R7CD/PUJwCvQT22NgtygBeug3KoA==}
    engines: {node: ^20.19.0 || >=22.12.0}
    cpu: [x64]
    os: [win32]

  '@oxlint-tsgolint/darwin-arm64@0.21.1':
    resolution: {integrity: sha512-7TLjyWe4wG9saJc992VWmaHq2hwKfOEEVTjheReXJXaDhavMZI4X9a6nKhbEng4IVkYtzjD2jw16vw2WFXLYLw==}
    cpu: [arm64]
    os: [darwin]

  '@oxlint-tsgolint/darwin-x64@0.21.1':
    resolution: {integrity: sha512-7wf9Wf75nTzA7zpL9myhFe2RKvfuqGUOADNvUooCjEWvh7hmPz3lSEqTMh5Z/VQhzsG04mM9ACyghxhRzq7zFw==}
    cpu: [x64]
    os: [darwin]

  '@oxlint-tsgolint/linux-arm64@0.21.1':
    resolution: {integrity: sha512-IPuQN/Vd0Rjklg/cCGBbQyUuRBp2f6LQXpZYwk5ivOR6V/+CgiYsv8pn/PVY7gjeyoNvPQrXB7xMjHUO2YZbdw==}
    cpu: [arm64]
    os: [linux]

  '@oxlint-tsgolint/linux-x64@0.21.1':
    resolution: {integrity: sha512-d1niGuTbh2qiv7dR7tqkbOcM5cIR63of0lMBFdEQavL1KrJV8zuRdwdi68K7MNGdgoR+J5A9ajpGGvsHwp1bPg==}
    cpu: [x64]
    os: [linux]

  '@oxlint-tsgolint/win32-arm64@0.21.1':
    resolution: {integrity: sha512-ICu9y2JLnFPvFqstnWPPNqBM8LK8BWw2OTeaR0UgEMm4hOSbrZAKv1/hwZYyiLqnCNjBL87AGSQIgTHCYlsipw==}
    cpu: [arm64]
    os: [win32]

  '@oxlint-tsgolint/win32-x64@0.21.1':
    resolution: {integrity: sha512-cTEFCFjCj6iXfrSHcvajSPNqhEA4TxSzU3gFxbdGSAUTNXGToU99IbdhWAPSbhcucoym0XE4Zl7E41NiSkNTug==}
    cpu: [x64]
    os: [win32]

  '@oxlint/binding-android-arm-eabi@1.61.0':
    resolution: {integrity: sha512-6eZBPgiigK5txqoVgRqxbaxiom4lM8AP8CyKPPvpzKnQ3iFRFOIDc+0AapF+qsUSwjOzr5SGk4SxQDpQhkSJMQ==}
    engines: {node: ^20.19.0 || >=22.12.0}
    cpu: [arm]
    os: [android]

  '@oxlint/binding-android-arm64@1.61.0':
    resolution: {integrity: sha512-CkwLR69MUnyv5wjzebvbbtTSUwqLxM35CXE79bHqDIK+NtKmPEUpStTcLQRZMCo4MP0qRT6TXIQVpK0ZVScnMA==}
    engines: {node: ^20.19.0 || >=22.12.0}
    cpu: [arm64]
    os: [android]

  '@oxlint/binding-darwin-arm64@1.61.0':
    resolution: {integrity: sha512-8JbefTkbmvqkqWjmQrHke+MdpgT2UghhD/ktM4FOQSpGeCgbMToJEKdl9zwhr/YWTl92i4QI1KiTwVExpcUN8A==}
    engines: {node: ^20.19.0 || >=22.12.0}
    cpu: [arm64]
    os: [darwin]

  '@oxlint/binding-darwin-x64@1.61.0':
    resolution: {integrity: sha512-uWpoxDT47hTnDLcdEh5jVbso8rlTTu5o0zuqa9J8E0JAKmIWn7kGFEIB03Pycn2hd2vKxybPGLhjURy/9We5FQ==}
    engines: {node: ^20.19.0 || >=22.12.0}
    cpu: [x64]
    os: [darwin]

  '@oxlint/binding-freebsd-x64@1.61.0':
    resolution: {integrity: sha512-K/o4hEyW7flfMel0iBVznmMBt7VIMHGdjADocHKpK1DUF9erpWnJ+BSSWd2W0c8K3mPtpph+CuHzRU6CI3l9jQ==}
    engines: {node: ^20.19.0 || >=22.12.0}
    cpu: [x64]
    os: [freebsd]

  '@oxlint/binding-linux-arm-gnueabihf@1.61.0':
    resolution: {integrity: sha512-P6040ZkcyweJ0Po9yEFqJCdvZnf3VNCGs1SIHgXDf8AAQNC6ID/heXQs9iSgo2FH7gKaKq32VWc59XZwL34C5Q==}
    engines: {node: ^20.19.0 || >=22.12.0}
    cpu: [arm]
    os: [linux]

  '@oxlint/binding-linux-arm-musleabihf@1.61.0':
    resolution: {integrity: sha512-bwxrGCzTZkuB+THv2TQ1aTkVEfv5oz8sl+0XZZCpoYzErJD8OhPQOTA0ENPd1zJz8QsVdSzSrS2umKtPq4/JXg==}
    engines: {node: ^20.19.0 || >=22.12.0}
    cpu: [arm]
    os: [linux]

  '@oxlint/binding-linux-arm64-gnu@1.61.0':
    resolution: {integrity: sha512-vkhb9/wKguMkLlrm3FoJW/Xmdv31GgYAE+x8lxxQ+7HeOxXUySI0q36a3NTVIuQUdLzxCI1zzMGsk1o37FOe3w==}
    engines: {node: ^20.19.0 || >=22.12.0}
    cpu: [arm64]
    os: [linux]

  '@oxlint/binding-linux-arm64-musl@1.61.0':
    resolution: {integrity: sha512-bl1dQh8LnVqsj6oOQAcxwbuOmNJkwc4p6o//HTBZhNTzJy21TLDwAviMqUFNUxDHkPGpmdKTSN4tWTjLryP8xg==}
    engines: {node: ^20.19.0 || >=22.12.0}
    cpu: [arm64]
    os: [linux]

  '@oxlint/binding-linux-ppc64-gnu@1.61.0':
    resolution: {integrity: sha512-QoOX6KB2IiEpyOj/HKqaxi+NQHPnOgNgnr22n9N4ANJCzXkUlj1UmeAbFb4PpqdlHIzvGDM5xZ0OKtcLq9RhiQ==}
    engines: {node: ^20.19.0 || >=22.12.0}
    cpu: [ppc64]
    os: [linux]

  '@oxlint/binding-linux-riscv64-gnu@1.61.0':
    resolution: {integrity: sha512-1TGcTerjY6p152wCof3oKElccq3xHljS/Mucp04gV/4ATpP6nO7YNnp7opEg6SHkv2a57/b4b8Ndm9znJ1/qAw==}
    engines: {node: ^20.19.0 || >=22.12.0}
    cpu: [riscv64]
    os: [linux]

  '@oxlint/binding-linux-riscv64-musl@1.61.0':
    resolution: {integrity: sha512-65wXEmZIrX2ADwC8i/qFL4EWLSbeuBpAm3suuX1vu4IQkKd+wLT/HU/BOl84kp91u2SxPkPDyQgu4yrqp8vwVA==}
    engines: {node: ^20.19.0 || >=22.12.0}
    cpu: [riscv64]
    os: [linux]

  '@oxlint/binding-linux-s390x-gnu@1.61.0':
    resolution: {integrity: sha512-TVvhgMvor7Qa6COeXxCJ7ENOM+lcAOGsQ0iUdPSCv2hxb9qSHLQ4XF1h50S6RE1gBOJ0WV3rNukg4JJJP1LWRA==}
    engines: {node: ^20.19.0 || >=22.12.0}
    cpu: [s390x]
    os: [linux]

  '@oxlint/binding-linux-x64-gnu@1.61.0':
    resolution: {integrity: sha512-SjpS5uYuFoDnDdZPwZE59ndF95AsY47R5MliuneTWR1pDm2CxGJaYXbKULI71t5TVfLQUWmrHEGRL9xvuq6dnA==}
    engines: {node: ^20.19.0 || >=22.12.0}
    cpu: [x64]
    os: [linux]

  '@oxlint/binding-linux-x64-musl@1.61.0':
    resolution: {integrity: sha512-gGfAeGD4sNJGILZbc/yKcIimO9wQnPMoYp9swAaKeEtwsSQAbU+rsdQze5SBtIP6j0QDzeYd4XSSUCRCF+LIeQ==}
    engines: {node: ^20.19.0 || >=22.12.0}
    cpu: [x64]
    os: [linux]

  '@oxlint/binding-openharmony-arm64@1.61.0':
    resolution: {integrity: sha512-OlVT0LrG/ct33EVtWRyR+B/othwmDWeRxfi13wUdPeb3lAT5TgTcFDcfLfarZtzB4W1nWF/zICMgYdkggX2WmQ==}
    engines: {node: ^20.19.0 || >=22.12.0}
    cpu: [arm64]
    os: [openharmony]

  '@oxlint/binding-win32-arm64-msvc@1.61.0':
    resolution: {integrity: sha512-vI//NZPJk6DToiovPtaiwD4iQ7kO1r5ReWQD0sOOyKRtP3E2f6jxin4uvwi3OvDzHA2EFfd7DcZl5dtkQh7g1w==}
    engines: {node: ^20.19.0 || >=22.12.0}
    cpu: [arm64]
    os: [win32]

  '@oxlint/binding-win32-ia32-msvc@1.61.0':
    resolution: {integrity: sha512-0ySj4/4zd2XjePs3XAQq7IigIstN4LPQZgCyigX5/ERMLjdWAJfnxcTsrtxZxuij8guJW8foXuHmhGxW0H4dDA==}
    engines: {node: ^20.19.0 || >=22.12.0}
    cpu: [ia32]
    os: [win32]

  '@oxlint/binding-win32-x64-msvc@1.61.0':
    resolution: {integrity: sha512-0xgSiyeqDLDZxXoe9CVJrOx3TUVsfyoOY7cNi03JbItNcC9WCZqrSNdrAbHONxhSPaVh/lzfnDcON1RqSUMhHw==}
    engines: {node: ^20.19.0 || >=22.12.0}
    cpu: [x64]
    os: [win32]

  '@types/node@26.2.0':
    resolution: {integrity: sha512-5IviulTZeRNp2vAJ514cc/HUlY5nZ9fCbq9DMyC52BrhFZACo3nI0R7qBxhQmo/d27NFe96ur/b7Wwxklda+kg==}

  '@typescript/typescript-aix-ppc64@7.0.2':
    resolution: {integrity: sha512-MTKKkWB7p/0E9xi1d1tHtZ5PiLkGEMIq88pK2CubZjOsLtYTLqhgIgi6zepFa+9GHZ6h05NMCkQxGKiPXMxXtQ==}
    engines: {node: '>=16.20.0'}
    cpu: [ppc64]
    os: [aix]

  '@typescript/typescript-darwin-arm64@7.0.2':
    resolution: {integrity: sha512-gowzar9MwS/aRWp6f3a4KUqzRjAZjOsmGNCM6LcTgXum+dBfgsBVMN+AgvOCCbguXyick6LJhpBszxMebJ8syA==}
    engines: {node: '>=16.20.0'}
    cpu: [arm64]
    os: [darwin]

  '@typescript/typescript-darwin-x64@7.0.2':
    resolution: {integrity: sha512-SZ9xZInqApNlNGc9s0W1VSsktYSOe9cFqNOIqmN1Gs8SmkjKZYFt017G4VwPxASInODuAdbTW7sXiFUf893RgA==}
    engines: {node: '>=16.20.0'}
    cpu: [x64]
    os: [darwin]

  '@typescript/typescript-freebsd-arm64@7.0.2':
    resolution: {integrity: sha512-W5NH4y/J0plIIS5b2xvTEkU7JFxyqdMAOgf+Ilhl0vHQXKO5dZoxd+C/jEtq56c4F3wk71RB4BMRQ2XdI+bwYQ==}
    engines: {node: '>=16.20.0'}
    cpu: [arm64]
    os: [freebsd]

  '@typescript/typescript-freebsd-x64@7.0.2':
    resolution: {integrity: sha512-UMGDx5sTpzNw3WiPebH7l90IWfJggEd+egHt/q6p7/Cm3zqoV7VxkGXt+3DxPIw8CcmvAB0j3sVVfbhX+M4Tpw==}
    engines: {node: '>=16.20.0'}
    cpu: [x64]
    os: [freebsd]

  '@typescript/typescript-linux-arm64@7.0.2':
    resolution: {integrity: sha512-Qh4eU4/y3yDjnfjjyPYihMj5/ODIlmt+Bzu17OI+fiSRDW57QmU5SiN63exPRNJPKUzcc1INa1NXdrJ+MqHjUQ==}
    engines: {node: '>=16.20.0'}
    cpu: [arm64]
    os: [linux]

  '@typescript/typescript-linux-arm@7.0.2':
    resolution: {integrity: sha512-gffT3xPz9sR7j/YJExkyPntrI0P2EP9XbOyWzth2/Gs0RstK+90RBcO0ncXoXy/beYll1SXw846Nf2zdnEz0QQ==}
    engines: {node: '>=16.20.0'}
    cpu: [arm]
    os: [linux]

  '@typescript/typescript-linux-loong64@7.0.2':
    resolution: {integrity: sha512-uEHck9i8hoAzXPiYRib1O7miOnz23SxIeVl6F4LXox+qov1K35jHcEW6VHKvZI+pyvl7fZEP4MCU5LYvIq1GuQ==}
    engines: {node: '>=16.20.0'}
    cpu: [loong64]
    os: [linux]

  '@typescript/typescript-linux-mips64el@7.0.2':
    resolution: {integrity: sha512-R4KvAMnE43W5Qeqb0Ly56O3mWMWIAgsMyz36DCaycd5nbg/9kzm0liw3JocfRqyJY0KPmzFjbswozXyW0DnIYA==}
    engines: {node: '>=16.20.0'}
    cpu: [mips64el]
    os: [linux]

  '@typescript/typescript-linux-ppc64@7.0.2':
    resolution: {integrity: sha512-DORx5b3sd/4S7eayxm4FQv+A7CrkUIGRaHiwI8oiHTAI1fAPWhF4J0vAlkC8biAlHSVVwxMQ3tjZ2/DVbnQiiA==}
    engines: {node: '>=16.20.0'}
    cpu: [ppc64]
    os: [linux]

  '@typescript/typescript-linux-riscv64@7.0.2':
    resolution: {integrity: sha512-wf0jqEDOjrPRnKwYRyyJDRo11KMbvMFrU+q4zqKyChODBzvlkbhNQfKvLxQCcwTpdDaXSHZTVuh0JoCrKCUMHQ==}
    engines: {node: '>=16.20.0'}
    cpu: [riscv64]
    os: [linux]

  '@typescript/typescript-linux-s390x@7.0.2':
    resolution: {integrity: sha512-IkwJc3L7yhytWd/ewjyxNDfOmswCm9GWMJT/ue/dU4aZNbwZeYAetq42VyLmsmSjvoX7z74X6ZaYCtzAr0EuGw==}
    engines: {node: '>=16.20.0'}
    cpu: [s390x]
    os: [linux]

  '@typescript/typescript-linux-x64@7.0.2':
    resolution: {integrity: sha512-EYdf2cNg7rgCWJnxCdJ+F3V39O8ihb37eHAu1LK8oAFizgTQbPOK7zHHXbPt8rX24COqODXeI3sIf0fCXG7H/A==}
    engines: {node: '>=16.20.0'}
    cpu: [x64]
    os: [linux]

  '@typescript/typescript-netbsd-arm64@7.0.2':
    resolution: {integrity: sha512-+polYF4MF04aPpO5FTkHran9yUQDSXqy5GiSDKpsll5jy3l3+g9QLhpf39T+ePtefhXLOGrLl0QIjkQP6VnelA==}
    engines: {node: '>=16.20.0'}
    cpu: [arm64]
    os: [netbsd]

  '@typescript/typescript-netbsd-x64@7.0.2':
    resolution: {integrity: sha512-8YIT0EHM/3dq10ZOVF/A7pc/YSMtbcecct4rWtexrnSCHOPcpC2KTLXfTCR6vDpnSiY12heNb1GiN/wu+T/FyA==}
    engines: {node: '>=16.20.0'}
    cpu: [x64]
    os: [netbsd]

  '@typescript/typescript-openbsd-arm64@7.0.2':
    resolution: {integrity: sha512-APT8+ClYnuYm1u9+kgGXoMj2VzWzcymwh2gNSQVySHfkRDGOTVkoWLjCmOQSaO+PoqQ57B0flRp9SA+7GnnkzQ==}
    engines: {node: '>=16.20.0'}
    cpu: [arm64]
    os: [openbsd]

  '@typescript/typescript-openbsd-x64@7.0.2':
    resolution: {integrity: sha512-yX7s+Q0Dln0Dt9tEzZsAjXXR/+ytBM7AlglaqyeMPxQszJ1JhlJdZ6jLA+IzldHtflX81em7lDao1xXu+aRRkg==}
    engines: {node: '>=16.20.0'}
    cpu: [x64]
    os: [openbsd]

  '@typescript/typescript-sunos-x64@7.0.2':
    resolution: {integrity: sha512-dLJDGaLZ1D4HPQn62u1n8mBDkJREwMsAkCdkwd4Ieqw+x3TUyTsqY0YiBCtE6H6OzzgGk3iuZ3vFWRS+E8/d1g==}
    engines: {node: '>=16.20.0'}
    cpu: [x64]
    os: [sunos]

  '@typescript/typescript-win32-arm64@7.0.2':
    resolution: {integrity: sha512-Gyl1Vy6OsWesLzmq+EP0Fb7b4Nid5232AvcA2SFcdYreldpNtYFFofPjnt62y9hQy7VTaZp65ICJjuAQRaVcIQ==}
    engines: {node: '>=16.20.0'}
    cpu: [arm64]
    os: [win32]

  '@typescript/typescript-win32-x64@7.0.2':
    resolution: {integrity: sha512-0BQ3HkAHHlKLSp1qRvf3SUhGpGsDuhB/jgFw75guyqbxJqEaS0Cw/VFO8i2nHglJUzQCRtMMR/IBAKE3ETMC4g==}
    engines: {node: '>=16.20.0'}
    cpu: [x64]
    os: [win32]

  fta-cli@3.0.0:
    resolution: {integrity: sha512-SBmoqIwbN7PLDmwmrPgjr6Z6/S9jPhNz5TCPmEVFkIaeloc/T2WXLeeXqhG1+C0UQxpOfGrC7CUb4friqbc2kQ==}
    hasBin: true

  jscpd-darwin-arm64@5.0.16:
    resolution: {integrity: sha512-Tu6OAg3Rp6m7LCZqOtPViJxYGTKXTLrI/xMyjEKe79N9L7GpbI3XhgotGDpoE+PjLRbgJgGhRKbkKK18FPySmQ==}
    cpu: [arm64]
    os: [darwin]

  jscpd-darwin-x64@5.0.16:
    resolution: {integrity: sha512-3btQ1aG8K7+9rvJjyaRJRcSBD0DvHgZOUVlecjnyO99FYzMvdFREq67UIl5CAXFeYf5EY8TSorCMZQxL6TBD0w==}
    cpu: [x64]
    os: [darwin]

  jscpd-linux-arm64-gnu@5.0.16:
    resolution: {integrity: sha512-L1F9CNHxRPqGJCKgGRA4gtZcESACFkS2lgfPgWn9fG+4CkiewLcYyy/oxrafJJL1/PPTQ24sbLuzPaKUxJuvuw==}
    cpu: [arm64]
    os: [linux]

  jscpd-linux-x64-gnu@5.0.16:
    resolution: {integrity: sha512-BruP+sAr0+6QsEQZvOkgcS+xR23y4s1hLA0xfkcO1zFFXdnmQdJ4w23/U8VlPwqO2dFRaAEseYEXjHs5oQQGFw==}
    cpu: [x64]
    os: [linux]

  jscpd-linux-x64-musl@5.0.16:
    resolution: {integrity: sha512-T36RtMnF695Y1/T3cLEhgvspHdKoiF+oxK/lklGJWriLieImZolSOjGXsecW2bp7MNMMGlqLLRzr2RNgnwy+Hg==}
    cpu: [x64]
    os: [linux]

  jscpd-windows-x64-msvc@5.0.16:
    resolution: {integrity: sha512-BcrY18r6uje+TjgBKdFZJz6qfAAh9QT24KZYZk+jk6tuIKOYIm6oRMeQEu3Tzr/len9ZethN2h1bKmv+EfHcGw==}
    cpu: [x64]
    os: [win32]

  jscpd@5.0.16:
    resolution: {integrity: sha512-TiQ4zKtKeldep6UswXFHjVCDhVdLBaJyQcZjhCSzVOmKpT6HBj0jUZiphP1vK1X3VSSuzwcfifJVNpsOIiwRCg==}
    engines: {node: '>=18'}
    hasBin: true

  oxfmt@0.46.0:
    resolution: {integrity: sha512-CopwJOwPAjZ9p76fCvz+mSOJTw9/NY3cSksZK3VO/bUQ8UoEcketNgUuYS0UB3p+R9XnXe7wGGXUmyFxc7QxJA==}
    engines: {node: ^20.19.0 || >=22.12.0}
    hasBin: true

  oxlint-tsgolint@0.21.1:
    resolution: {integrity: sha512-O2hxiT14C2HJkwzBU6CQBFPoagSd/IcV+Tt3e3UUaXFwbW4BO5DSDPSSboc3UM5MIDY+MLyepvtQwBQafNxWdw==}
    hasBin: true

  oxlint@1.61.0:
    resolution: {integrity: sha512-ZC0ALuhDZ6ivOFG+sy0D0pEDN49EvsId98zVlmYdkcXHsEM14m/qTNUEsUpiFiCVbpIxYtVBmmLE87nsbUHohQ==}
    engines: {node: ^20.19.0 || >=22.12.0}
    hasBin: true
    peerDependencies:
      oxlint-tsgolint: '>=0.18.0'
    peerDependenciesMeta:
      oxlint-tsgolint:
        optional: true

  tinypool@2.1.0:
    resolution: {integrity: sha512-Pugqs6M0m7Lv1I7FtxN4aoyToKg1C4tu+/381vH35y8oENM/Ai7f7C4StcoK4/+BSw9ebcS8jRiVrORFKCALLw==}
    engines: {node: ^20.0.0 || >=22.0.0}

  typescript@7.0.2:
    resolution: {integrity: sha512-8FYau96o3NKOhbjKi/qNvG/W5jhzxkbdm5sj9AbZ/5T5sWqn3hJgLfGx27sRKZWTvyzCP8dLRBTf5tBTSRVUNA==}
    engines: {node: '>=16.20.0'}
    hasBin: true

  undici-types@8.3.0:
    resolution: {integrity: sha512-j375ScV60dom+YkPFIfTLcOiPxkN/buHz5GobjLhixFuANaNs3C9l4GmrWqejgXWJ7BbJcFYpTEUkS1Ge8bpZQ==}

  zod@4.4.3:
    resolution: {integrity: sha512-ytENFjIJFl2UwYglde2jchW2Hwm4GJFLDiSXWdTrJQBIN9Fcyp7n4DhxJEiWNAJMV1/BqWfW/kkg71UDcHJyTQ==}

snapshots:

  '@oxfmt/binding-android-arm-eabi@0.46.0':
    optional: true

  '@oxfmt/binding-android-arm64@0.46.0':
    optional: true

  '@oxfmt/binding-darwin-arm64@0.46.0':
    optional: true

  '@oxfmt/binding-darwin-x64@0.46.0':
    optional: true

  '@oxfmt/binding-freebsd-x64@0.46.0':
    optional: true

  '@oxfmt/binding-linux-arm-gnueabihf@0.46.0':
    optional: true

  '@oxfmt/binding-linux-arm-musleabihf@0.46.0':
    optional: true

  '@oxfmt/binding-linux-arm64-gnu@0.46.0':
    optional: true

  '@oxfmt/binding-linux-arm64-musl@0.46.0':
    optional: true

  '@oxfmt/binding-linux-ppc64-gnu@0.46.0':
    optional: true

  '@oxfmt/binding-linux-riscv64-gnu@0.46.0':
    optional: true

  '@oxfmt/binding-linux-riscv64-musl@0.46.0':
    optional: true

  '@oxfmt/binding-linux-s390x-gnu@0.46.0':
    optional: true

  '@oxfmt/binding-linux-x64-gnu@0.46.0':
    optional: true

  '@oxfmt/binding-linux-x64-musl@0.46.0':
    optional: true

  '@oxfmt/binding-openharmony-arm64@0.46.0':
    optional: true

  '@oxfmt/binding-win32-arm64-msvc@0.46.0':
    optional: true

  '@oxfmt/binding-win32-ia32-msvc@0.46.0':
    optional: true

  '@oxfmt/binding-win32-x64-msvc@0.46.0':
    optional: true

  '@oxlint-tsgolint/darwin-arm64@0.21.1':
    optional: true

  '@oxlint-tsgolint/darwin-x64@0.21.1':
    optional: true

  '@oxlint-tsgolint/linux-arm64@0.21.1':
    optional: true

  '@oxlint-tsgolint/linux-x64@0.21.1':
    optional: true

  '@oxlint-tsgolint/win32-arm64@0.21.1':
    optional: true

  '@oxlint-tsgolint/win32-x64@0.21.1':
    optional: true

  '@oxlint/binding-android-arm-eabi@1.61.0':
    optional: true

  '@oxlint/binding-android-arm64@1.61.0':
    optional: true

  '@oxlint/binding-darwin-arm64@1.61.0':
    optional: true

  '@oxlint/binding-darwin-x64@1.61.0':
    optional: true

  '@oxlint/binding-freebsd-x64@1.61.0':
    optional: true

  '@oxlint/binding-linux-arm-gnueabihf@1.61.0':
    optional: true

  '@oxlint/binding-linux-arm-musleabihf@1.61.0':
    optional: true

  '@oxlint/binding-linux-arm64-gnu@1.61.0':
    optional: true

  '@oxlint/binding-linux-arm64-musl@1.61.0':
    optional: true

  '@oxlint/binding-linux-ppc64-gnu@1.61.0':
    optional: true

  '@oxlint/binding-linux-riscv64-gnu@1.61.0':
    optional: true

  '@oxlint/binding-linux-riscv64-musl@1.61.0':
    optional: true

  '@oxlint/binding-linux-s390x-gnu@1.61.0':
    optional: true

  '@oxlint/binding-linux-x64-gnu@1.61.0':
    optional: true

  '@oxlint/binding-linux-x64-musl@1.61.0':
    optional: true

  '@oxlint/binding-openharmony-arm64@1.61.0':
    optional: true

  '@oxlint/binding-win32-arm64-msvc@1.61.0':
    optional: true

  '@oxlint/binding-win32-ia32-msvc@1.61.0':
    optional: true

  '@oxlint/binding-win32-x64-msvc@1.61.0':
    optional: true

  '@types/node@26.2.0':
    dependencies:
      undici-types: 8.3.0

  '@typescript/typescript-aix-ppc64@7.0.2':
    optional: true

  '@typescript/typescript-darwin-arm64@7.0.2':
    optional: true

  '@typescript/typescript-darwin-x64@7.0.2':
    optional: true

  '@typescript/typescript-freebsd-arm64@7.0.2':
    optional: true

  '@typescript/typescript-freebsd-x64@7.0.2':
    optional: true

  '@typescript/typescript-linux-arm64@7.0.2':
    optional: true

  '@typescript/typescript-linux-arm@7.0.2':
    optional: true

  '@typescript/typescript-linux-loong64@7.0.2':
    optional: true

  '@typescript/typescript-linux-mips64el@7.0.2':
    optional: true

  '@typescript/typescript-linux-ppc64@7.0.2':
    optional: true

  '@typescript/typescript-linux-riscv64@7.0.2':
    optional: true

  '@typescript/typescript-linux-s390x@7.0.2':
    optional: true

  '@typescript/typescript-linux-x64@7.0.2':
    optional: true

  '@typescript/typescript-netbsd-arm64@7.0.2':
    optional: true

  '@typescript/typescript-netbsd-x64@7.0.2':
    optional: true

  '@typescript/typescript-openbsd-arm64@7.0.2':
    optional: true

  '@typescript/typescript-openbsd-x64@7.0.2':
    optional: true

  '@typescript/typescript-sunos-x64@7.0.2':
    optional: true

  '@typescript/typescript-win32-arm64@7.0.2':
    optional: true

  '@typescript/typescript-win32-x64@7.0.2':
    optional: true

  fta-cli@3.0.0: {}

  jscpd-darwin-arm64@5.0.16:
    optional: true

  jscpd-darwin-x64@5.0.16:
    optional: true

  jscpd-linux-arm64-gnu@5.0.16:
    optional: true

  jscpd-linux-x64-gnu@5.0.16:
    optional: true

  jscpd-linux-x64-musl@5.0.16:
    optional: true

  jscpd-windows-x64-msvc@5.0.16:
    optional: true

  jscpd@5.0.16:
    optionalDependencies:
      jscpd-darwin-arm64: 5.0.16
      jscpd-darwin-x64: 5.0.16
      jscpd-linux-arm64-gnu: 5.0.16
      jscpd-linux-x64-gnu: 5.0.16
      jscpd-linux-x64-musl: 5.0.16
      jscpd-windows-x64-msvc: 5.0.16

  oxfmt@0.46.0:
    dependencies:
      tinypool: 2.1.0
    optionalDependencies:
      '@oxfmt/binding-android-arm-eabi': 0.46.0
      '@oxfmt/binding-android-arm64': 0.46.0
      '@oxfmt/binding-darwin-arm64': 0.46.0
      '@oxfmt/binding-darwin-x64': 0.46.0
      '@oxfmt/binding-freebsd-x64': 0.46.0
      '@oxfmt/binding-linux-arm-gnueabihf': 0.46.0
      '@oxfmt/binding-linux-arm-musleabihf': 0.46.0
      '@oxfmt/binding-linux-arm64-gnu': 0.46.0
      '@oxfmt/binding-linux-arm64-musl': 0.46.0
      '@oxfmt/binding-linux-ppc64-gnu': 0.46.0
      '@oxfmt/binding-linux-riscv64-gnu': 0.46.0
      '@oxfmt/binding-linux-riscv64-musl': 0.46.0
      '@oxfmt/binding-linux-s390x-gnu': 0.46.0
      '@oxfmt/binding-linux-x64-gnu': 0.46.0
      '@oxfmt/binding-linux-x64-musl': 0.46.0
      '@oxfmt/binding-openharmony-arm64': 0.46.0
      '@oxfmt/binding-win32-arm64-msvc': 0.46.0
      '@oxfmt/binding-win32-ia32-msvc': 0.46.0
      '@oxfmt/binding-win32-x64-msvc': 0.46.0

  oxlint-tsgolint@0.21.1:
    optionalDependencies:
      '@oxlint-tsgolint/darwin-arm64': 0.21.1
      '@oxlint-tsgolint/darwin-x64': 0.21.1
      '@oxlint-tsgolint/linux-arm64': 0.21.1
      '@oxlint-tsgolint/linux-x64': 0.21.1
      '@oxlint-tsgolint/win32-arm64': 0.21.1
      '@oxlint-tsgolint/win32-x64': 0.21.1

  oxlint@1.61.0(oxlint-tsgolint@0.21.1):
    optionalDependencies:
      '@oxlint/binding-android-arm-eabi': 1.61.0
      '@oxlint/binding-android-arm64': 1.61.0
      '@oxlint/binding-darwin-arm64': 1.61.0
      '@oxlint/binding-darwin-x64': 1.61.0
      '@oxlint/binding-freebsd-x64': 1.61.0
      '@oxlint/binding-linux-arm-gnueabihf': 1.61.0
      '@oxlint/binding-linux-arm-musleabihf': 1.61.0
      '@oxlint/binding-linux-arm64-gnu': 1.61.0
      '@oxlint/binding-linux-arm64-musl': 1.61.0
      '@oxlint/binding-linux-ppc64-gnu': 1.61.0
      '@oxlint/binding-linux-riscv64-gnu': 1.61.0
      '@oxlint/binding-linux-riscv64-musl': 1.61.0
      '@oxlint/binding-linux-s390x-gnu': 1.61.0
      '@oxlint/binding-linux-x64-gnu': 1.61.0
      '@oxlint/binding-linux-x64-musl': 1.61.0
      '@oxlint/binding-openharmony-arm64': 1.61.0
      '@oxlint/binding-win32-arm64-msvc': 1.61.0
      '@oxlint/binding-win32-ia32-msvc': 1.61.0
      '@oxlint/binding-win32-x64-msvc': 1.61.0
      oxlint-tsgolint: 0.21.1

  tinypool@2.1.0: {}

  typescript@7.0.2:
    optionalDependencies:
      '@typescript/typescript-aix-ppc64': 7.0.2
      '@typescript/typescript-darwin-arm64': 7.0.2
      '@typescript/typescript-darwin-x64': 7.0.2
      '@typescript/typescript-freebsd-arm64': 7.0.2
      '@typescript/typescript-freebsd-x64': 7.0.2
      '@typescript/typescript-linux-arm': 7.0.2
      '@typescript/typescript-linux-arm64': 7.0.2
      '@typescript/typescript-linux-loong64': 7.0.2
      '@typescript/typescript-linux-mips64el': 7.0.2
      '@typescript/typescript-linux-ppc64': 7.0.2
      '@typescript/typescript-linux-riscv64': 7.0.2
      '@typescript/typescript-linux-s390x': 7.0.2
      '@typescript/typescript-linux-x64': 7.0.2
      '@typescript/typescript-netbsd-arm64': 7.0.2
      '@typescript/typescript-netbsd-x64': 7.0.2
      '@typescript/typescript-openbsd-arm64': 7.0.2
      '@typescript/typescript-openbsd-x64': 7.0.2
      '@typescript/typescript-sunos-x64': 7.0.2
      '@typescript/typescript-win32-arm64': 7.0.2
      '@typescript/typescript-win32-x64': 7.0.2

  undici-types@8.3.0: {}

  zod@4.4.3: {}
